
Microsoft Visual Studio Solution File, Format Version 12.00
# Visual Studio Version 16
VisualStudioVersion = 16.0.32802.440
MinimumVisualStudioVersion = 10.0.40219.1
Project("{FAE04EC0-301F-11D3-BF4B-00C04F79EFBC}") = "Client-Web-API-Rest", "Client-Web-API-Rest\Client-Web-API-Rest.csproj", "{78E59D93-CD4A-4E3F-B0E9-89BCF223BA96}"
EndProject
Global
	GlobalSection(SolutionConfigurationPlatforms) = preSolution
		Debug|Any CPU = Debug|Any CPU
		Release|Any CPU = Release|Any CPU
	EndGlobalSection
	GlobalSection(ProjectConfigurationPlatforms) = postSolution
		{78E59D93-CD4A-4E3F-B0E9-89BCF223BA96}.Debug|Any CPU.ActiveCfg = Debug|Any CPU
		{78E59D93-CD4A-4E3F-B0E9-89BCF223BA96}.Debug|Any CPU.Build.0 = Debug|Any CPU
		{78E59D93-CD4A-4E3F-B0E9-89BCF223BA96}.Release|Any CPU.ActiveCfg = Release|Any CPU
		{78E59D93-CD4A-4E3F-B0E9-89BCF223BA96}.Release|Any CPU.Build.0 = Release|Any CPU
	EndGlobalSection
	GlobalSection(SolutionProperties) = preSolution
		HideSolutionNode = FALSE
	EndGlobalSection
	GlobalSection(ExtensibilityGlobals) = postSolution
		SolutionGuid = {2236F987-E08F-4E34-BDA2-B36C66C939C5}
	EndGlobalSection
EndGlobal
